
Microsoft Visual Studio Solution File, Format Version 12.00
# Visual Studio Version 17
VisualStudioVersion = 17.12.35514.174
MinimumVisualStudioVersion = 10.0.40219.1
Project("{FAE04EC0-301F-11D3-BF4B-00C04F79EFBC}") = "BudgetApi", "BudgetApi\BudgetApi.csproj", "{B51D11EC-6CDD-4F35-BF0D-7A1D71FC065F}"
EndProject
Project("{FAE04EC0-301F-11D3-BF4B-00C04F79EFBC}") = "BudgetApi.Tests", "BudgetApi.Tests\BudgetApi.Tests.csproj", "{1F4D42CF-66EF-407D-8FAA-F0991A399425}"
EndProject
Project("{FAE04EC0-301F-11D3-BF4B-00C04F79EFBC}") = "BudgetApp.AppHost", "BudgetApi.AppHost\BudgetApp.AppHost.csproj", "{38462394-3BD9-49D2-996E-639F5AE7BEAB}"
	ProjectSection(ProjectDependencies) = postProject
		{B51D11EC-6CDD-4F35-BF0D-7A1D71FC065F} = {B51D11EC-6CDD-4F35-BF0D-7A1D71FC065F}
	EndProjectSection
EndProject
Project("{FAE04EC0-301F-11D3-BF4B-00C04F79EFBC}") = "BudgetApp.ServiceDefaults", "BudgetApp.ServiceDefaults\BudgetApp.ServiceDefaults.csproj", "{FA49A908-2D36-431C-ADEC-348C6B991703}"
EndProject
Project("{00D1A9C2-B5F0-4AF3-8072-F6C62B433612}") = "BudgetAppDb", "BudgetAppDb\BudgetAppDb.sqlproj", "{36B24D28-E8D3-4211-BF58-28702AD965A5}"
EndProject
Global
	GlobalSection(SolutionConfigurationPlatforms) = preSolution
		Debug|Any CPU = Debug|Any CPU
		Release|Any CPU = Release|Any CPU
	EndGlobalSection
	GlobalSection(ProjectConfigurationPlatforms) = postSolution
		{B51D11EC-6CDD-4F35-BF0D-7A1D71FC065F}.Debug|Any CPU.ActiveCfg = Debug|Any CPU
		{B51D11EC-6CDD-4F35-BF0D-7A1D71FC065F}.Debug|Any CPU.Build.0 = Debug|Any CPU
		{B51D11EC-6CDD-4F35-BF0D-7A1D71FC065F}.Release|Any CPU.ActiveCfg = Release|Any CPU
		{B51D11EC-6CDD-4F35-BF0D-7A1D71FC065F}.Release|Any CPU.Build.0 = Release|Any CPU
		{1F4D42CF-66EF-407D-8FAA-F0991A399425}.Debug|Any CPU.ActiveCfg = Debug|Any CPU
		{1F4D42CF-66EF-407D-8FAA-F0991A399425}.Debug|Any CPU.Build.0 = Debug|Any CPU
		{1F4D42CF-66EF-407D-8FAA-F0991A399425}.Release|Any CPU.ActiveCfg = Release|Any CPU
		{1F4D42CF-66EF-407D-8FAA-F0991A399425}.Release|Any CPU.Build.0 = Release|Any CPU
		{38462394-3BD9-49D2-996E-639F5AE7BEAB}.Debug|Any CPU.ActiveCfg = Debug|Any CPU
		{38462394-3BD9-49D2-996E-639F5AE7BEAB}.Debug|Any CPU.Build.0 = Debug|Any CPU
		{38462394-3BD9-49D2-996E-639F5AE7BEAB}.Release|Any CPU.ActiveCfg = Release|Any CPU
		{38462394-3BD9-49D2-996E-639F5AE7BEAB}.Release|Any CPU.Build.0 = Release|Any CPU
		{FA49A908-2D36-431C-ADEC-348C6B991703}.Debug|Any CPU.ActiveCfg = Debug|Any CPU
		{FA49A908-2D36-431C-ADEC-348C6B991703}.Debug|Any CPU.Build.0 = Debug|Any CPU
		{FA49A908-2D36-431C-ADEC-348C6B991703}.Release|Any CPU.ActiveCfg = Release|Any CPU
		{FA49A908-2D36-431C-ADEC-348C6B991703}.Release|Any CPU.Build.0 = Release|Any CPU
		{36B24D28-E8D3-4211-BF58-28702AD965A5}.Debug|Any CPU.ActiveCfg = Debug|Any CPU
		{36B24D28-E8D3-4211-BF58-28702AD965A5}.Debug|Any CPU.Build.0 = Debug|Any CPU
		{36B24D28-E8D3-4211-BF58-28702AD965A5}.Debug|Any CPU.Deploy.0 = Debug|Any CPU
		{36B24D28-E8D3-4211-BF58-28702AD965A5}.Release|Any CPU.ActiveCfg = Release|Any CPU
		{36B24D28-E8D3-4211-BF58-28702AD965A5}.Release|Any CPU.Build.0 = Release|Any CPU
		{36B24D28-E8D3-4211-BF58-28702AD965A5}.Release|Any CPU.Deploy.0 = Release|Any CPU
	EndGlobalSection
	GlobalSection(SolutionProperties) = preSolution
		HideSolutionNode = FALSE
	EndGlobalSection
EndGlobal
